
Microsoft Visual Studio Solution File, Format Version 12.00
# Visual Studio 15
VisualStudioVersion = 15.0.26730.12
MinimumVisualStudioVersion = 10.0.40219.1
Project("{8BC9CEB8-8B4A-11D0-8D11-00A0C91BC942}") = "StAlg4VS", "StAlg4VS\StAlg4VS.vcxproj", "{CD0A0157-8C09-4B3E-BC67-74082B25D13E}"
EndProject
Global
	GlobalSection(SolutionConfigurationPlatforms) = preSolution
		Debug|x64 = Debug|x64
		Debug|x86 = Debug|x86
		Release|x64 = Release|x64
		Release|x86 = Release|x86
	EndGlobalSection
	GlobalSection(ProjectConfigurationPlatforms) = postSolution
		{CD0A0157-8C09-4B3E-BC67-74082B25D13E}.Debug|x64.ActiveCfg = Debug|x64
		{CD0A0157-8C09-4B3E-BC67-74082B25D13E}.Debug|x64.Build.0 = Debug|x64
		{CD0A0157-8C09-4B3E-BC67-74082B25D13E}.Debug|x86.ActiveCfg = Debug|Win32
		{CD0A0157-8C09-4B3E-BC67-74082B25D13E}.Debug|x86.Build.0 = Debug|Win32
		{CD0A0157-8C09-4B3E-BC67-74082B25D13E}.Release|x64.ActiveCfg = Release|x64
		{CD0A0157-8C09-4B3E-BC67-74082B25D13E}.Release|x64.Build.0 = Release|x64
		{CD0A0157-8C09-4B3E-BC67-74082B25D13E}.Release|x86.ActiveCfg = Release|Win32
		{CD0A0157-8C09-4B3E-BC67-74082B25D13E}.Release|x86.Build.0 = Release|Win32
	EndGlobalSection
	GlobalSection(SolutionProperties) = preSolution
		HideSolutionNode = FALSE
	EndGlobalSection
	GlobalSection(ExtensibilityGlobals) = postSolution
		SolutionGuid = {79581D43-377E-4517-8ECB-F8799CE1E587}
	EndGlobalSection
EndGlobal
